
Microsoft Visual Studio Solution File, Format Version 12.00
# Visual Studio Version 16
VisualStudioVersion = 16.0.30717.126
MinimumVisualStudioVersion = 10.0.40219.1
Project("{FAE04EC0-301F-11D3-BF4B-00C04F79EFBC}") = "MessageSubscriber", "MessageSubscriber.csproj", "{5E8F058F-C761-47D7-A745-70126E4636E5}"
EndProject
Global
	GlobalSection(SolutionConfigurationPlatforms) = preSolution
		Debug|Any CPU = Debug|Any CPU
		Release|Any CPU = Release|Any CPU
	EndGlobalSection
	GlobalSection(ProjectConfigurationPlatforms) = postSolution
		{5E8F058F-C761-47D7-A745-70126E4636E5}.Debug|Any CPU.ActiveCfg = Debug|Any CPU
		{5E8F058F-C761-47D7-A745-70126E4636E5}.Debug|Any CPU.Build.0 = Debug|Any CPU
		{5E8F058F-C761-47D7-A745-70126E4636E5}.Release|Any CPU.ActiveCfg = Release|Any CPU
		{5E8F058F-C761-47D7-A745-70126E4636E5}.Release|Any CPU.Build.0 = Release|Any CPU
	EndGlobalSection
	GlobalSection(SolutionProperties) = preSolution
		HideSolutionNode = FALSE
	EndGlobalSection
	GlobalSection(ExtensibilityGlobals) = postSolution
		SolutionGuid = {8C550345-849E-4819-A8FE-48BE69E43ABF}
	EndGlobalSection
EndGlobal
